
Microsoft Visual Studio Solution File, Format Version 12.00
# Visual Studio 14
VisualStudioVersion = 14.0.25420.1
MinimumVisualStudioVersion = 10.0.40219.1
Project("{FAE04EC0-301F-11D3-BF4B-00C04F79EFBC}") = "HelloWorldService", "HelloWorldService\HelloWorldService.csproj", "{6A4BCDC7-0706-419B-B012-65170F8F5703}"
EndProject
Project("{FAE04EC0-301F-11D3-BF4B-00C04F79EFBC}") = "HelloWorldClient", "HelloWorldClient\HelloWorldClient.csproj", "{6A54193B-2D6C-48E8-AD68-E854D50D34A5}"
	ProjectSection(ProjectDependencies) = postProject
		{6A4BCDC7-0706-419B-B012-65170F8F5703} = {6A4BCDC7-0706-419B-B012-65170F8F5703}
	EndProjectSection
EndProject
Global
	GlobalSection(SolutionConfigurationPlatforms) = preSolution
		Debug|Any CPU = Debug|Any CPU
		Release|Any CPU = Release|Any CPU
	EndGlobalSection
	GlobalSection(ProjectConfigurationPlatforms) = postSolution
		{6A4BCDC7-0706-419B-B012-65170F8F5703}.Debug|Any CPU.ActiveCfg = Debug|Any CPU
		{6A4BCDC7-0706-419B-B012-65170F8F5703}.Debug|Any CPU.Build.0 = Debug|Any CPU
		{6A4BCDC7-0706-419B-B012-65170F8F5703}.Release|Any CPU.ActiveCfg = Release|Any CPU
		{6A4BCDC7-0706-419B-B012-65170F8F5703}.Release|Any CPU.Build.0 = Release|Any CPU
		{6A54193B-2D6C-48E8-AD68-E854D50D34A5}.Debug|Any CPU.ActiveCfg = Debug|Any CPU
		{6A54193B-2D6C-48E8-AD68-E854D50D34A5}.Debug|Any CPU.Build.0 = Debug|Any CPU
		{6A54193B-2D6C-48E8-AD68-E854D50D34A5}.Release|Any CPU.ActiveCfg = Release|Any CPU
		{6A54193B-2D6C-48E8-AD68-E854D50D34A5}.Release|Any CPU.Build.0 = Release|Any CPU
	EndGlobalSection
	GlobalSection(SolutionProperties) = preSolution
		HideSolutionNode = FALSE
	EndGlobalSection
EndGlobal
